// !$*UTF8*$!
{
	archiveVersion = 1;
	classes = {
	};
	objectVersion = 56;
	objects = {

/* Begin PBXBuildFile section */
		DC314BC32C1B4CCD00182B9E /* MenuView.swift in Sources */ = {isa = PBXBuildFile; fileRef = DC314BC22C1B4CCD00182B9E /* MenuView.swift */; };
		DC32ED0C2C18822900E44AC2 /* ListView.swift in Sources */ = {isa = PBXBuildFile; fileRef = DC32ED0B2C18822900E44AC2 /* ListView.swift */; };
		DC32ED0E2C18831D00E44AC2 /* DetailView.swift in Sources */ = {isa = PBXBuildFile; fileRef = DC32ED0D2C18831D00E44AC2 /* DetailView.swift */; };
		DC61FFF32C120F2300B438C1 /* Restaurant.swift in Sources */ = {isa = PBXBuildFile; fileRef = DC61FFF22C120F2300B438C1 /* Restaurant.swift */; };
		DC61FFF52C1211DE00B438C1 /* ListItemView.swift in Sources */ = {isa = PBXBuildFile; fileRef = DC61FFF42C1211DE00B438C1 /* ListItemView.swift */; };
		DCD1F27C2C0F53CB00C42E23 /* Culminating_helper_appApp.swift in Sources */ = {isa = PBXBuildFile; fileRef = DCD1F27B2C0F53CB00C42E23 /* Culminating_helper_appApp.swift */; };
		DCD1F27E2C0F53CB00C42E23 /* ContentView.swift in Sources */ = {isa = PBXBuildFile; fileRef = DCD1F27D2C0F53CB00C42E23 /* ContentView.swift */; };
		DCD1F2802C0F53CC00C42E23 /* Assets.xcassets in Resources */ = {isa = PBXBuildFile; fileRef = DCD1F27F2C0F53CC00C42E23 /* Assets.xcassets */; };
		DCD1F2832C0F53CC00C42E23 /* Preview Assets.xcassets in Resources */ = {isa = PBXBuildFile; fileRef = DCD1F2822C0F53CC00C42E23 /* Preview Assets.xcassets */; };
/* End PBXBuildFile section */

/* Begin PBXFileReference section */
		DC314BC22C1B4CCD00182B9E /* MenuView.swift */ = {isa = PBXFileReference; lastKnownFileType = sourcecode.swift; path = MenuView.swift; sourceTree = "<group>"; };
		DC32ED0B2C18822900E44AC2 /* ListView.swift */ = {isa = PBXFileReference; lastKnownFileType = sourcecode.swift; path = ListView.swift; sourceTree = "<group>"; };
		DC32ED0D2C18831D00E44AC2 /* DetailView.swift */ = {isa = PBXFileReference; lastKnownFileType = sourcecode.swift; path = DetailView.swift; sourceTree = "<group>"; };
		DC61FFF22C120F2300B438C1 /* Restaurant.swift */ = {isa = PBXFileReference; lastKnownFileType = sourcecode.swift; path = Restaurant.swift; sourceTree = "<group>"; };
		DC61FFF42C1211DE00B438C1 /* ListItemView.swift */ = {isa = PBXFileReference; lastKnownFileType = sourcecode.swift; path = ListItemView.swift; sourceTree = "<group>"; };
		DCD1F2782C0F53CB00C42E23 /* Culminating helper app.app */ = {isa = PBXFileReference; explicitFileType = wrapper.application; includeInIndex = 0; path = "Culminating helper app.app"; sourceTree = BUILT_PRODUCTS_DIR; };
		DCD1F27B2C0F53CB00C42E23 /* Culminating_helper_appApp.swift */ = {isa = PBXFileReference; lastKnownFileType = sourcecode.swift; path = Culminating_helper_appApp.swift; sourceTree = "<group>"; };
		DCD1F27D2C0F53CB00C42E23 /* ContentView.swift */ = {isa = PBXFileReference; lastKnownFileType = sourcecode.swift; path = ContentView.swift; sourceTree = "<group>"; };
		DCD1F27F2C0F53CC00C42E23 /* Assets.xcassets */ = {isa = PBXFileReference; lastKnownFileType = folder.assetcatalog; path = Assets.xcassets; sourceTree = "<group>"; };
		DCD1F2822C0F53CC00C42E23 /* Preview Assets.xcassets */ = {isa = PBXFileReference; lastKnownFileType = folder.assetcatalog; path = "Preview Assets.xcassets"; sourceTree = "<group>"; };
/* End PBXFileReference section */

/* Begin PBXFrameworksBuildPhase section */
		DCD1F2752C0F53CB00C42E23 /* Frameworks */ = {
			isa = PBXFrameworksBuildPhase;
			buildActionMask = 2147483647;
			files = (
			);
			runOnlyForDeploymentPostprocessing = 0;
		};
/* End PBXFrameworksBuildPhase section */

/* Begin PBXGroup section */
		DCD1F26F2C0F53CB00C42E23 = {
			isa = PBXGroup;
			children = (
				DCD1F27A2C0F53CB00C42E23 /* Culminating helper app */,
				DCD1F2792C0F53CB00C42E23 /* Products */,
			);
			sourceTree = "<group>";
		};
		DCD1F2792C0F53CB00C42E23 /* Products */ = {
			isa = PBXGroup;
			children = (
				DCD1F2782C0F53CB00C42E23 /* Culminating helper app.app */,
			);
			name = Products;
			sourceTree = "<group>";
		};
		DCD1F27A2C0F53CB00C42E23 /* Culminating helper app */ = {
			isa = PBXGroup;
			children = (
				DCD1F27B2C0F53CB00C42E23 /* Culminating_helper_appApp.swift */,
				DCD1F2892C12084400C42E23 /* Model */,
				DCD1F28A2C12085700C42E23 /* Views */,
				DCD1F27F2C0F53CC00C42E23 /* Assets.xcassets */,
				DCD1F2812C0F53CC00C42E23 /* Preview Content */,
			);
			path = "Culminating helper app";
			sourceTree = "<group>";
		};
		DCD1F2812C0F53CC00C42E23 /* Preview Content */ = {
			isa = PBXGroup;
			children = (
				DCD1F2822C0F53CC00C42E23 /* Preview Assets.xcassets */,
			);
			path = "Preview Content";
			sourceTree = "<group>";
		};
		DCD1F2892C12084400C42E23 /* Model */ = {
			isa = PBXGroup;
			children = (
				DC61FFF22C120F2300B438C1 /* Restaurant.swift */,
			);
			path = Model;
			sourceTree = "<group>";
		};
		DCD1F28A2C12085700C42E23 /* Views */ = {
			isa = PBXGroup;
			children = (
				DCD1F27D2C0F53CB00C42E23 /* ContentView.swift */,
				DC61FFF42C1211DE00B438C1 /* ListItemView.swift */,
				DC32ED0B2C18822900E44AC2 /* ListView.swift */,
				DC32ED0D2C18831D00E44AC2 /* DetailView.swift */,
				DC314BC22C1B4CCD00182B9E /* MenuView.swift */,
			);
			path = Views;
			sourceTree = "<group>";
		};
/* End PBXGroup section */

/* Begin PBXNativeTarget section */
		DCD1F2772C0F53CB00C42E23 /* Culminating helper app */ = {
			isa = PBXNativeTarget;
			buildConfigurationList = DCD1F2862C0F53CC00C42E23 /* Build configuration list for PBXNativeTarget "Culminating helper app" */;
			buildPhases = (
				DCD1F2742C0F53CB00C42E23 /* Sources */,
				DCD1F2752C0F53CB00C42E23 /* Frameworks */,
				DCD1F2762C0F53CB00C42E23 /* Resources */,
			);
			buildRules = (
			);
			dependencies = (
			);
			name = "Culminating helper app";
			productName = "Culminating helper app";
			productReference = DCD1F2782C0F53CB00C42E23 /* Culminating helper app.app */;
			productType = "com.apple.product-type.application";
		};
/* End PBXNativeTarget section */

/* Begin PBXProject section */
		DCD1F2702C0F53CB00C42E23 /* Project object */ = {
			isa = PBXProject;
			attributes = {
				BuildIndependentTargetsInParallel = 1;
				LastSwiftUpdateCheck = 1540;
				LastUpgradeCheck = 1540;
				TargetAttributes = {
					DCD1F2772C0F53CB00C42E23 = {
						CreatedOnToolsVersion = 15.4;
					};
				};
			};
			buildConfigurationList = DCD1F2732C0F53CB00C42E23 /* Build configuration list for PBXProject "Culminating helper app" */;
			compatibilityVersion = "Xcode 14.0";
			developmentRegion = en;
			hasScannedForEncodings = 0;
			knownRegions = (
				en,
				Base,
			);
			mainGroup = DCD1F26F2C0F53CB00C42E23;
			productRefGroup = DCD1F2792C0F53CB00C42E23 /* Products */;
			projectDirPath = "";
			projectRoot = "";
			targets = (
				DCD1F2772C0F53CB00C42E23 /* Culminating helper app */,
			);
		};
/* End PBXProject section */

/* Begin PBXResourcesBuildPhase section */
		DCD1F2762C0F53CB00C42E23 /* Resources */ = {
			isa = PBXResourcesBuildPhase;
			buildActionMask = 2147483647;
			files = (
				DCD1F2832C0F53CC00C42E23 /* Preview Assets.xcassets in Resources */,
				DCD1F2802C0F53CC00C42E23 /* Assets.xcassets in Resources */,
			);
			runOnlyForDeploymentPostprocessing = 0;
		};
/* End PBXResourcesBuildPhase section */

/* Begin PBXSourcesBuildPhase section */
		DCD1F2742C0F53CB00C42E23 /* Sources */ = {
			isa = PBXSourcesBuildPhase;
			buildActionMask = 2147483647;
			files = (
				DC314BC32C1B4CCD00182B9E /* MenuView.swift in Sources */,
				DCD1F27E2C0F53CB00C42E23 /* ContentView.swift in Sources */,
				DC32ED0E2C18831D00E44AC2 /* DetailView.swift in Sources */,
				DCD1F27C2C0F53CB00C42E23 /* Culminating_helper_appApp.swift in Sources */,
				DC32ED0C2C18822900E44AC2 /* ListView.swift in Sources */,
				DC61FFF32C120F2300B438C1 /* Restaurant.swift in Sources */,
				DC61FFF52C1211DE00B438C1 /* ListItemView.swift in Sources */,
			);
			runOnlyForDeploymentPostprocessing = 0;
		};
/* End PBXSourcesBuildPhase section */

/* Begin XCBuildConfiguration section */
		DCD1F2842C0F53CC00C42E23 /* Debug */ = {
			isa = XCBuildConfiguration;
			buildSettings = {
				ALWAYS_SEARCH_USER_PATHS = NO;
				ASSETCATALOG_COMPILER_GENERATE_SWIFT_ASSET_SYMBOL_EXTENSIONS = YES;
				CLANG_ANALYZER_NONNULL = YES;
				CLANG_ANALYZER_NUMBER_OBJECT_CONVERSION = YES_AGGRESSIVE;
				CLANG_CXX_LANGUAGE_STANDARD = "gnu++20";
				CLANG_ENABLE_MODULES = YES;
				CLANG_ENABLE_OBJC_ARC = YES;
				CLANG_ENABLE_OBJC_WEAK = YES;
				CLANG_WARN_BLOCK_CAPTURE_AUTORELEASING = YES;
				CLANG_WARN_BOOL_CONVERSION = YES;
				CLANG_WARN_COMMA = YES;
				CLANG_WARN_CONSTANT_CONVERSION = YES;
				CLANG_WARN_DEPRECATED_OBJC_IMPLEMENTATIONS = YES;
				CLANG_WARN_DIRECT_OBJC_ISA_USAGE = YES_ERROR;
				CLANG_WARN_DOCUMENTATION_COMMENTS = YES;
				CLANG_WARN_EMPTY_BODY = YES;
				CLANG_WARN_ENUM_CONVERSION = YES;
				CLANG_WARN_INFINITE_RECURSION = YES;
				CLANG_WARN_INT_CONVERSION = YES;
				CLANG_WARN_NON_LITERAL_NULL_CONVERSION = YES;
				CLANG_WARN_OBJC_IMPLICIT_RETAIN_SELF = YES;
				CLANG_WARN_OBJC_LITERAL_CONVERSION = YES;
				CLANG_WARN_OBJC_ROOT_CLASS = YES_ERROR;
				CLANG_WARN_QUOTED_INCLUDE_IN_FRAMEWORK_HEADER = YES;
				CLANG_WARN_RANGE_LOOP_ANALYSIS = YES;
				CLANG_WARN_STRICT_PROTOTYPES = YES;
				CLANG_WARN_SUSPICIOUS_MOVE = YES;
				CLANG_WARN_UNGUARDED_AVAILABILITY = YES_AGGRESSIVE;
				CLANG_WARN_UNREACHABLE_CODE = YES;
				CLANG_WARN__DUPLICATE_METHOD_MATCH = YES;
				COPY_PHASE_STRIP = NO;
				DEBUG_INFORMATION_FORMAT = dwarf;
				ENABLE_STRICT_OBJC_MSGSEND = YES;
				ENABLE_TESTABILITY = YES;
				ENABLE_USER_SCRIPT_SANDBOXING = YES;
				GCC_C_LANGUAGE_STANDARD = gnu17;
				GCC_DYNAMIC_NO_PIC = NO;
				GCC_NO_COMMON_BLOCKS = YES;
				GCC_OPTIMIZATION_LEVEL = 0;
				GCC_PREPROCESSOR_DEFINITIONS = (
					"DEBUG=1",
					"$(inherited)",
				);
				GCC_WARN_64_TO_32_BIT_CONVERSION = YES;
				GCC_WARN_ABOUT_RETURN_TYPE = YES_ERROR;
				GCC_WARN_UNDECLARED_SELECTOR = YES;
				GCC_WARN_UNINITIALIZED_AUTOS = YES_AGGRESSIVE;
				GCC_WARN_UNUSED_FUNCTION = YES;
				GCC_WARN_UNUSED_VARIABLE = YES;
				IPHONEOS_DEPLOYMENT_TARGET = 17.5;
				LOCALIZATION_PREFERS_STRING_CATALOGS = YES;
				MTL_ENABLE_DEBUG_INFO = INCLUDE_SOURCE;
				MTL_FAST_MATH = YES;
				ONLY_ACTIVE_ARCH = YES;
				SDKROOT = iphoneos;
				SWIFT_ACTIVE_COMPILATION_CONDITIONS = "DEBUG $(inherited)";
				SWIFT_OPTIMIZATION_LEVEL = "-Onone";
			};
			name = Debug;
		};
		DCD1F2852C0F53CC00C42E23 /* Release */ = {
			isa = XCBuildConfiguration;
			buildSettings = {
				ALWAYS_SEARCH_USER_PATHS = NO;
				ASSETCATALOG_COMPILER_GENERATE_SWIFT_ASSET_SYMBOL_EXTENSIONS = YES;
				CLANG_ANALYZER_NONNULL = YES;
				CLANG_ANALYZER_NUMBER_OBJECT_CONVERSION = YES_AGGRESSIVE;
				CLANG_CXX_LANGUAGE_STANDARD = "gnu++20";
				CLANG_ENABLE_MODULES = YES;
				CLANG_ENABLE_OBJC_ARC = YES;
				CLANG_ENABLE_OBJC_WEAK = YES;
				CLANG_WARN_BLOCK_CAPTURE_AUTORELEASING = YES;
				CLANG_WARN_BOOL_CONVERSION = YES;
				CLANG_WARN_COMMA = YES;
				CLANG_WARN_CONSTANT_CONVERSION = YES;
				CLANG_WARN_DEPRECATED_OBJC_IMPLEMENTATIONS = YES;
				CLANG_WARN_DIRECT_OBJC_ISA_USAGE = YES_ERROR;
				CLANG_WARN_DOCUMENTATION_COMMENTS = YES;
				CLANG_WARN_EMPTY_BODY = YES;
				CLANG_WARN_ENUM_CONVERSION = YES;
				CLANG_WARN_INFINITE_RECURSION = YES;
				CLANG_WARN_INT_CONVERSION = YES;
				CLANG_WARN_NON_LITERAL_NULL_CONVERSION = YES;
				CLANG_WARN_OBJC_IMPLICIT_RETAIN_SELF = YES;
				CLANG_WARN_OBJC_LITERAL_CONVERSION = YES;
				CLANG_WARN_OBJC_ROOT_CLASS = YES_ERROR;
				CLANG_WARN_QUOTED_INCLUDE_IN_FRAMEWORK_HEADER = YES;
				CLANG_WARN_RANGE_LOOP_ANALYSIS = YES;
				CLANG_WARN_STRICT_PROTOTYPES = YES;
				CLANG_WARN_SUSPICIOUS_MOVE = YES;
				CLANG_WARN_UNGUARDED_AVAILABILITY = YES_AGGRESSIVE;
				CLANG_WARN_UNREACHABLE_CODE = YES;
				CLANG_WARN__DUPLICATE_METHOD_MATCH = YES;
				COPY_PHASE_STRIP = NO;
				DEBUG_INFORMATION_FORMAT = "dwarf-with-dsym";
				ENABLE_NS_ASSERTIONS = NO;
				ENABLE_STRICT_OBJC_MSGSEND = YES;
				ENABLE_USER_SCRIPT_SANDBOXING = YES;
				GCC_C_LANGUAGE_STANDARD = gnu17;
				GCC_NO_COMMON_BLOCKS = YES;
				GCC_WARN_64_TO_32_BIT_CONVERSION = YES;
				GCC_WARN_ABOUT_RETURN_TYPE = YES_ERROR;
				GCC_WARN_UNDECLARED_SELECTOR = YES;
				GCC_WARN_UNINITIALIZED_AUTOS = YES_AGGRESSIVE;
				GCC_WARN_UNUSED_FUNCTION = YES;
				GCC_WARN_UNUSED_VARIABLE = YES;
				IPHONEOS_DEPLOYMENT_TARGET = 17.5;
				LOCALIZATION_PREFERS_STRING_CATALOGS = YES;
				MTL_ENABLE_DEBUG_INFO = NO;
				MTL_FAST_MATH = YES;
				SDKROOT = iphoneos;
				SWIFT_COMPILATION_MODE = wholemodule;
				VALIDATE_PRODUCT = YES;
			};
			name = Release;
		};
		DCD1F2872C0F53CC00C42E23 /* Debug */ = {
			isa = XCBuildConfiguration;
			buildSettings = {
				ASSETCATALOG_COMPILER_APPICON_NAME = AppIcon;
				ASSETCATALOG_COMPILER_GLOBAL_ACCENT_COLOR_NAME = AccentColor;
				CODE_SIGN_STYLE = Automatic;
				CURRENT_PROJECT_VERSION = 1;
				DEVELOPMENT_ASSET_PATHS = "\"Culminating helper app/Preview Content\"";
				ENABLE_PREVIEWS = YES;
				GENERATE_INFOPLIST_FILE = YES;
				INFOPLIST_KEY_UIApplicationSceneManifest_Generation = YES;
				INFOPLIST_KEY_UIApplicationSupportsIndirectInputEvents = YES;
				INFOPLIST_KEY_UILaunchScreen_Generation = YES;
				INFOPLIST_KEY_UISupportedInterfaceOrientations_iPad = "UIInterfaceOrientationPortrait UIInterfaceOrientationPortraitUpsideDown UIInterfaceOrientationLandscapeLeft UIInterfaceOrientationLandscapeRight";
				INFOPLIST_KEY_UISupportedInterfaceOrientations_iPhone = "UIInterfaceOrientationPortrait UIInterfaceOrientationLandscapeLeft UIInterfaceOrientationLandscapeRight";
				LD_RUNPATH_SEARCH_PATHS = (
					"$(inherited)",
					"@executable_path/Frameworks",
				);
				MARKETING_VERSION = 1.0;
				PRODUCT_BUNDLE_IDENTIFIER = "ca.IrvingMeng.Culminating-helper-app";
				PRODUCT_NAME = "$(TARGET_NAME)";
				SWIFT_EMIT_LOC_STRINGS = YES;
				SWIFT_VERSION = 5.0;
				TARGETED_DEVICE_FAMILY = "1,2";
			};
			name = Debug;
		};
		DCD1F2882C0F53CC00C42E23 /* Release */ = {
			isa = XCBuildConfiguration;
			buildSettings = {
				ASSETCATALOG_COMPILER_APPICON_NAME = AppIcon;
				ASSETCATALOG_COMPILER_GLOBAL_ACCENT_COLOR_NAME = AccentColor;
				CODE_SIGN_STYLE = Automatic;
				CURRENT_PROJECT_VERSION = 1;
				DEVELOPMENT_ASSET_PATHS = "\"Culminating helper app/Preview Content\"";
				ENABLE_PREVIEWS = YES;
				GENERATE_INFOPLIST_FILE = YES;
				INFOPLIST_KEY_UIApplicationSceneManifest_Generation = YES;
				INFOPLIST_KEY_UIApplicationSupportsIndirectInputEvents = YES;
				INFOPLIST_KEY_UILaunchScreen_Generation = YES;
				INFOPLIST_KEY_UISupportedInterfaceOrientations_iPad = "UIInterfaceOrientationPortrait UIInterfaceOrientationPortraitUpsideDown UIInterfaceOrientationLandscapeLeft UIInterfaceOrientationLandscapeRight";
				INFOPLIST_KEY_UISupportedInterfaceOrientations_iPhone = "UIInterfaceOrientationPortrait UIInterfaceOrientationLandscapeLeft UIInterfaceOrientationLandscapeRight";
				LD_RUNPATH_SEARCH_PATHS = (
					"$(inherited)",
					"@executable_path/Frameworks",
				);
				MARKETING_VERSION = 1.0;
				PRODUCT_BUNDLE_IDENTIFIER = "ca.IrvingMeng.Culminating-helper-app";
				PRODUCT_NAME = "$(TARGET_NAME)";
				SWIFT_EMIT_LOC_STRINGS = YES;
				SWIFT_VERSION = 5.0;
				TARGETED_DEVICE_FAMILY = "1,2";
			};
			name = Release;
		};
/* End XCBuildConfiguration section */

/* Begin XCConfigurationList section */
		DCD1F2732C0F53CB00C42E23 /* Build configuration list for PBXProject "Culminating helper app" */ = {
			isa = XCConfigurationList;
			buildConfigurations = (
				DCD1F2842C0F53CC00C42E23 /* Debug */,
				DCD1F2852C0F53CC00C42E23 /* Release */,
			);
			defaultConfigurationIsVisible = 0;
			defaultConfigurationName = Release;
		};
		DCD1F2862C0F53CC00C42E23 /* Build configuration list for PBXNativeTarget "Culminating helper app" */ = {
			isa = XCConfigurationList;
			buildConfigurations = (
				DCD1F2872C0F53CC00C42E23 /* Debug */,
				DCD1F2882C0F53CC00C42E23 /* Release */,
			);
			defaultConfigurationIsVisible = 0;
			defaultConfigurationName = Release;
		};
/* End XCConfigurationList section */
	};
	rootObject = DCD1F2702C0F53CB00C42E23 /* Project object */;
}
